// !$*UTF8*$!
{
	archiveVersion = 1;
	classes = {
	};
	objectVersion = 46;
	objects = {

/* Begin PBXBuildFile section */
		B53857291A64FAE800ED9AAB /* main.m in Sources */ = {isa = PBXBuildFile; fileRef = B53857281A64FAE800ED9AAB /* main.m */; };
		B538572C1A64FAE800ED9AAB /* AppDelegate.m in Sources */ = {isa = PBXBuildFile; fileRef = B538572B1A64FAE800ED9AAB /* AppDelegate.m */; };
		B538572F1A64FAE800ED9AAB /* ViewController.m in Sources */ = {isa = PBXBuildFile; fileRef = B538572E1A64FAE800ED9AAB /* ViewController.m */; };
		B53857321A64FAE800ED9AAB /* Main.storyboard in Resources */ = {isa = PBXBuildFile; fileRef = B53857301A64FAE800ED9AAB /* Main.storyboard */; };
		B53857341A64FAE800ED9AAB /* Images.xcassets in Resources */ = {isa = PBXBuildFile; fileRef = B53857331A64FAE800ED9AAB /* Images.xcassets */; };
		B53857371A64FAE800ED9AAB /* LaunchScreen.xib in Resources */ = {isa = PBXBuildFile; fileRef = B53857351A64FAE800ED9AAB /* LaunchScreen.xib */; };
/* End PBXBuildFile section */

/* Begin PBXFileReference section */
		B53857231A64FAE800ED9AAB /* TestProject.app */ = {isa = PBXFileReference; explicitFileType = wrapper.application; includeInIndex = 0; path = TestProject.app; sourceTree = BUILT_PRODUCTS_DIR; };
		B53857271A64FAE800ED9AAB /* Info.plist */ = {isa = PBXFileReference; lastKnownFileType = text.plist.xml; path = Info.plist; sourceTree = "<group>"; };
		B53857281A64FAE800ED9AAB /* main.m */ = {isa = PBXFileReference; lastKnownFileType = sourcecode.c.objc; path = main.m; sourceTree = "<group>"; };
		B538572A1A64FAE800ED9AAB /* AppDelegate.h */ = {isa = PBXFileReference; lastKnownFileType = sourcecode.c.h; path = AppDelegate.h; sourceTree = "<group>"; };
		B538572B1A64FAE800ED9AAB /* AppDelegate.m */ = {isa = PBXFileReference; lastKnownFileType = sourcecode.c.objc; path = AppDelegate.m; sourceTree = "<group>"; };
		B538572D1A64FAE800ED9AAB /* ViewController.h */ = {isa = PBXFileReference; lastKnownFileType = sourcecode.c.h; path = ViewController.h; sourceTree = "<group>"; };
		B538572E1A64FAE800ED9AAB /* ViewController.m */ = {isa = PBXFileReference; lastKnownFileType = sourcecode.c.objc; path = ViewController.m; sourceTree = "<group>"; };
		B53857311A64FAE800ED9AAB /* Base */ = {isa = PBXFileReference; lastKnownFileType = file.storyboard; name = Base; path = Base.lproj/Main.storyboard; sourceTree = "<group>"; };
		B53857331A64FAE800ED9AAB /* Images.xcassets */ = {isa = PBXFileReference; lastKnownFileType = folder.assetcatalog; path = Images.xcassets; sourceTree = "<group>"; };
		B53857361A64FAE800ED9AAB /* Base */ = {isa = PBXFileReference; lastKnownFileType = file.xib; name = Base; path = Base.lproj/LaunchScreen.xib; sourceTree = "<group>"; };
/* End PBXFileReference section */

/* Begin PBXFrameworksBuildPhase section */
		B53857201A64FAE800ED9AAB /* Frameworks */ = {
			isa = PBXFrameworksBuildPhase;
			buildActionMask = 2147483647;
			files = (
			);
			runOnlyForDeploymentPostprocessing = 0;
		};
/* End PBXFrameworksBuildPhase section */

/* Begin PBXGroup section */
		B538571A1A64FAE800ED9AAB = {
			isa = PBXGroup;
			children = (
				B53857251A64FAE800ED9AAB /* TestProject */,
				B53857241A64FAE800ED9AAB /* Products */,
			);
			sourceTree = "<group>";
		};
		B53857241A64FAE800ED9AAB /* Products */ = {
			isa = PBXGroup;
			children = (
				B53857231A64FAE800ED9AAB /* TestProject.app */,
			);
			name = Products;
			sourceTree = "<group>";
		};
		B53857251A64FAE800ED9AAB /* TestProject */ = {
			isa = PBXGroup;
			children = (
				B538572A1A64FAE800ED9AAB /* AppDelegate.h */,
				B538572B1A64FAE800ED9AAB /* AppDelegate.m */,
				B538572D1A64FAE800ED9AAB /* ViewController.h */,
				B538572E1A64FAE800ED9AAB /* ViewController.m */,
				B53857301A64FAE800ED9AAB /* Main.storyboard */,
				B53857331A64FAE800ED9AAB /* Images.xcassets */,
				B53857351A64FAE800ED9AAB /* LaunchScreen.xib */,
				B53857261A64FAE800ED9AAB /* Supporting Files */,
			);
			path = TestProject;
			sourceTree = "<group>";
		};
		B53857261A64FAE800ED9AAB /* Supporting Files */ = {
			isa = PBXGroup;
			children = (
				B53857271A64FAE800ED9AAB /* Info.plist */,
				B53857281A64FAE800ED9AAB /* main.m */,
			);
			name = "Supporting Files";
			sourceTree = "<group>";
		};
/* End PBXGroup section */

/* Begin PBXNativeTarget section */
		B53857221A64FAE800ED9AAB /* TestProject */ = {
			isa = PBXNativeTarget;
			buildConfigurationList = B53857461A64FAE800ED9AAB /* Build configuration list for PBXNativeTarget "TestProject" */;
			buildPhases = (
				B538571F1A64FAE800ED9AAB /* Sources */,
				B53857201A64FAE800ED9AAB /* Frameworks */,
				B53857211A64FAE800ED9AAB /* Resources */,
			);
			buildRules = (
			);
			dependencies = (
			);
			name = TestProject;
			productName = TestProject;
			productReference = B53857231A64FAE800ED9AAB /* TestProject.app */;
			productType = "com.apple.product-type.application";
		};
/* End PBXNativeTarget section */

/* Begin PBXProject section */
		B538571B1A64FAE800ED9AAB /* Project object */ = {
			isa = PBXProject;
			attributes = {
				LastUpgradeCheck = 0610;
				ORGANIZATIONNAME = "F@N Communications";
				TargetAttributes = {
					B53857221A64FAE800ED9AAB = {
						CreatedOnToolsVersion = 6.1.1;
					};
				};
			};
			buildConfigurationList = B538571E1A64FAE800ED9AAB /* Build configuration list for PBXProject "TestProject" */;
			compatibilityVersion = "Xcode 3.2";
			developmentRegion = English;
			hasScannedForEncodings = 0;
			knownRegions = (
				en,
				Base,
			);
			mainGroup = B538571A1A64FAE800ED9AAB;
			productRefGroup = B53857241A64FAE800ED9AAB /* Products */;
			projectDirPath = "";
			projectRoot = "";
			targets = (
				B53857221A64FAE800ED9AAB /* TestProject */,
			);
		};
/* End PBXProject section */

/* Begin PBXResourcesBuildPhase section */
		B53857211A64FAE800ED9AAB /* Resources */ = {
			isa = PBXResourcesBuildPhase;
			buildActionMask = 2147483647;
			files = (
				B53857321A64FAE800ED9AAB /* Main.storyboard in Resources */,
				B53857371A64FAE800ED9AAB /* LaunchScreen.xib in Resources */,
				B53857341A64FAE800ED9AAB /* Images.xcassets in Resources */,
			);
			runOnlyForDeploymentPostprocessing = 0;
		};
/* End PBXResourcesBuildPhase section */

/* Begin PBXSourcesBuildPhase section */
		B538571F1A64FAE800ED9AAB /* Sources */ = {
			isa = PBXSourcesBuildPhase;
			buildActionMask = 2147483647;
			files = (
				B538572F1A64FAE800ED9AAB /* ViewController.m in Sources */,
				B538572C1A64FAE800ED9AAB /* AppDelegate.m in Sources */,
				B53857291A64FAE800ED9AAB /* main.m in Sources */,
			);
			runOnlyForDeploymentPostprocessing = 0;
		};
/* End PBXSourcesBuildPhase section */

/* Begin PBXVariantGroup section */
		B53857301A64FAE800ED9AAB /* Main.storyboard */ = {
			isa = PBXVariantGroup;
			children = (
				B53857311A64FAE800ED9AAB /* Base */,
			);
			name = Main.storyboard;
			sourceTree = "<group>";
		};
		B53857351A64FAE800ED9AAB /* LaunchScreen.xib */ = {
			isa = PBXVariantGroup;
			children = (
				B53857361A64FAE800ED9AAB /* Base */,
			);
			name = LaunchScreen.xib;
			sourceTree = "<group>";
		};
/* End PBXVariantGroup section */

/* Begin XCBuildConfiguration section */
		B53857441A64FAE800ED9AAB /* Debug */ = {
			isa = XCBuildConfiguration;
			buildSettings = {
				ALWAYS_SEARCH_USER_PATHS = NO;
				CLANG_CXX_LANGUAGE_STANDARD = "gnu++0x";
				CLANG_CXX_LIBRARY = "libc++";
				CLANG_ENABLE_MODULES = YES;
				CLANG_ENABLE_OBJC_ARC = YES;
				CLANG_WARN_BOOL_CONVERSION = YES;
				CLANG_WARN_CONSTANT_CONVERSION = YES;
				CLANG_WARN_DIRECT_OBJC_ISA_USAGE = YES_ERROR;
				CLANG_WARN_EMPTY_BODY = YES;
				CLANG_WARN_ENUM_CONVERSION = YES;
				CLANG_WARN_INT_CONVERSION = YES;
				CLANG_WARN_OBJC_ROOT_CLASS = YES_ERROR;
				CLANG_WARN_UNREACHABLE_CODE = YES;
				CLANG_WARN__DUPLICATE_METHOD_MATCH = YES;
				"CODE_SIGN_IDENTITY[sdk=iphoneos*]" = "iPhone Developer";
				COPY_PHASE_STRIP = NO;
				ENABLE_STRICT_OBJC_MSGSEND = YES;
				GCC_C_LANGUAGE_STANDARD = gnu99;
				GCC_DYNAMIC_NO_PIC = NO;
				GCC_OPTIMIZATION_LEVEL = 0;
				GCC_PREPROCESSOR_DEFINITIONS = (
					"DEBUG=1",
					"$(inherited)",
				);
				GCC_SYMBOLS_PRIVATE_EXTERN = NO;
				GCC_WARN_64_TO_32_BIT_CONVERSION = YES;
				GCC_WARN_ABOUT_RETURN_TYPE = YES_ERROR;
				GCC_WARN_UNDECLARED_SELECTOR = YES;
				GCC_WARN_UNINITIALIZED_AUTOS = YES_AGGRESSIVE;
				GCC_WARN_UNUSED_FUNCTION = YES;
				GCC_WARN_UNUSED_VARIABLE = YES;
				IPHONEOS_DEPLOYMENT_TARGET = 8.1;
				MTL_ENABLE_DEBUG_INFO = YES;
				ONLY_ACTIVE_ARCH = YES;
				SDKROOT = iphoneos;
				TARGETED_DEVICE_FAMILY = "1,2";
			};
			name = Debug;
		};
		B53857451A64FAE800ED9AAB /* Release */ = {
			isa = XCBuildConfiguration;
			buildSettings = {
				ALWAYS_SEARCH_USER_PATHS = NO;
				CLANG_CXX_LANGUAGE_STANDARD = "gnu++0x";
				CLANG_CXX_LIBRARY = "libc++";
				CLANG_ENABLE_MODULES = YES;
				CLANG_ENABLE_OBJC_ARC = YES;
				CLANG_WARN_BOOL_CONVERSION = YES;
				CLANG_WARN_CONSTANT_CONVERSION = YES;
				CLANG_WARN_DIRECT_OBJC_ISA_USAGE = YES_ERROR;
				CLANG_WARN_EMPTY_BODY = YES;
				CLANG_WARN_ENUM_CONVERSION = YES;
				CLANG_WARN_INT_CONVERSION = YES;
				CLANG_WARN_OBJC_ROOT_CLASS = YES_ERROR;
				CLANG_WARN_UNREACHABLE_CODE = YES;
				CLANG_WARN__DUPLICATE_METHOD_MATCH = YES;
				"CODE_SIGN_IDENTITY[sdk=iphoneos*]" = "iPhone Developer";
				COPY_PHASE_STRIP = YES;
				ENABLE_NS_ASSERTIONS = NO;
				ENABLE_STRICT_OBJC_MSGSEND = YES;
				GCC_C_LANGUAGE_STANDARD = gnu99;
				GCC_WARN_64_TO_32_BIT_CONVERSION = YES;
				GCC_WARN_ABOUT_RETURN_TYPE = YES_ERROR;
				GCC_WARN_UNDECLARED_SELECTOR = YES;
				GCC_WARN_UNINITIALIZED_AUTOS = YES_AGGRESSIVE;
				GCC_WARN_UNUSED_FUNCTION = YES;
				GCC_WARN_UNUSED_VARIABLE = YES;
				IPHONEOS_DEPLOYMENT_TARGET = 8.1;
				MTL_ENABLE_DEBUG_INFO = NO;
				SDKROOT = iphoneos;
				TARGETED_DEVICE_FAMILY = "1,2";
				VALIDATE_PRODUCT = YES;
			};
			name = Release;
		};
		B53857471A64FAE800ED9AAB /* Debug */ = {
			isa = XCBuildConfiguration;
			buildSettings = {
				ASSETCATALOG_COMPILER_APPICON_NAME = AppIcon;
				INFOPLIST_FILE = TestProject/Info.plist;
				LD_RUNPATH_SEARCH_PATHS = "$(inherited) @executable_path/Frameworks";
				PRODUCT_NAME = "$(TARGET_NAME)";
			};
			name = Debug;
		};
		B53857481A64FAE800ED9AAB /* Release */ = {
			isa = XCBuildConfiguration;
			buildSettings = {
				ASSETCATALOG_COMPILER_APPICON_NAME = AppIcon;
				INFOPLIST_FILE = TestProject/Info.plist;
				LD_RUNPATH_SEARCH_PATHS = "$(inherited) @executable_path/Frameworks";
				PRODUCT_NAME = "$(TARGET_NAME)";
			};
			name = Release;
		};
/* End XCBuildConfiguration section */

/* Begin XCConfigurationList section */
		B538571E1A64FAE800ED9AAB /* Build configuration list for PBXProject "TestProject" */ = {
			isa = XCConfigurationList;
			buildConfigurations = (
				B53857441A64FAE800ED9AAB /* Debug */,
				B53857451A64FAE800ED9AAB /* Release */,
			);
			defaultConfigurationIsVisible = 0;
			defaultConfigurationName = Release;
		};
		B53857461A64FAE800ED9AAB /* Build configuration list for PBXNativeTarget "TestProject" */ = {
			isa = XCConfigurationList;
			buildConfigurations = (
				B53857471A64FAE800ED9AAB /* Debug */,
				B53857481A64FAE800ED9AAB /* Release */,
			);
			defaultConfigurationIsVisible = 0;
		};
/* End XCConfigurationList section */
	};
	rootObject = B538571B1A64FAE800ED9AAB /* Project object */;
}
